# THIS IS AN AUTOGENERATED FILE. DO NOT EDIT THIS FILE DIRECTLY.
# yarn lockfile v1


spawn-command@^0.0.2-1:
  version "0.0.2-1"
  resolved "https://registry.yarnpkg.com/spawn-command/-/spawn-command-0.0.2-1.tgz#62f5e9466981c1b796dc5929937e11c9c6921bd0"

spawn-default-shell@^2.0.0:
  version "2.0.0"
  resolved "https://registry.yarnpkg.com/spawn-default-shell/-/spawn-default-shell-2.0.0.tgz#fe058069f6663767529bab5ad5f9c94bfe4f1f47"
